
Microsoft Visual Studio Solution File, Format Version 12.00
Project("{F2A71F9B-5D33-465A-A702-920D77279786}") = "OpenGLPlayground", "OpenGLPlayground\OpenGLPlayground.fsproj", "{D44E5F22-36F9-4765-8E9D-4549D46CD998}"
EndProject
Project("{F2A71F9B-5D33-465A-A702-920D77279786}") = "Graphics", "Graphics\Graphics.fsproj", "{48BF812F-55E8-4C06-AA79-6FAC33399526}"
EndProject
Project("{F2A71F9B-5D33-465A-A702-920D77279786}") = "Sketches", "Sketches\Sketches.fsproj", "{7F41A442-198B-4E56-AC3A-5256B903E8CE}"
EndProject
Project("{2150E333-8FDC-42A3-9474-1A3956D46DE8}") = "A. Infrastructure", "A. Infrastructure", "{521410F8-1026-4391-B40A-7FE65951627A}"
EndProject
Project("{2150E333-8FDC-42A3-9474-1A3956D46DE8}") = "B. Sketches", "B. Sketches", "{8462CE08-1864-48D3-B6E7-99B420602C32}"
EndProject
Global
	GlobalSection(SolutionConfigurationPlatforms) = preSolution
		Debug|Any CPU = Debug|Any CPU
		Release|Any CPU = Release|Any CPU
	EndGlobalSection
	GlobalSection(ProjectConfigurationPlatforms) = postSolution
		{D44E5F22-36F9-4765-8E9D-4549D46CD998}.Debug|Any CPU.ActiveCfg = Debug|Any CPU
		{D44E5F22-36F9-4765-8E9D-4549D46CD998}.Debug|Any CPU.Build.0 = Debug|Any CPU
		{D44E5F22-36F9-4765-8E9D-4549D46CD998}.Release|Any CPU.ActiveCfg = Release|Any CPU
		{D44E5F22-36F9-4765-8E9D-4549D46CD998}.Release|Any CPU.Build.0 = Release|Any CPU
		{48BF812F-55E8-4C06-AA79-6FAC33399526}.Debug|Any CPU.ActiveCfg = Debug|Any CPU
		{48BF812F-55E8-4C06-AA79-6FAC33399526}.Debug|Any CPU.Build.0 = Debug|Any CPU
		{48BF812F-55E8-4C06-AA79-6FAC33399526}.Release|Any CPU.ActiveCfg = Release|Any CPU
		{48BF812F-55E8-4C06-AA79-6FAC33399526}.Release|Any CPU.Build.0 = Release|Any CPU
		{7F41A442-198B-4E56-AC3A-5256B903E8CE}.Debug|Any CPU.ActiveCfg = Debug|Any CPU
		{7F41A442-198B-4E56-AC3A-5256B903E8CE}.Debug|Any CPU.Build.0 = Debug|Any CPU
		{7F41A442-198B-4E56-AC3A-5256B903E8CE}.Release|Any CPU.ActiveCfg = Release|Any CPU
		{7F41A442-198B-4E56-AC3A-5256B903E8CE}.Release|Any CPU.Build.0 = Release|Any CPU
	EndGlobalSection
	GlobalSection(NestedProjects) = preSolution
		{48BF812F-55E8-4C06-AA79-6FAC33399526} = {521410F8-1026-4391-B40A-7FE65951627A}
		{7F41A442-198B-4E56-AC3A-5256B903E8CE} = {8462CE08-1864-48D3-B6E7-99B420602C32}
	EndGlobalSection
EndGlobal
